github.com/GolangToolKits/grrt v0.0.1 h1:ZPD676CYs2RUcrgedGbdmjy9LESazB90AqpUnixqFzg=
github.com/GolangToolKits/grrt v0.0.1/go.mod h1:BSRaZmmMpYJXM6ANkAY/1+azJyHXgO4zstzI+6WUjdY=
github.com/GolangToolKits/grrt v0.0.2 h1:8py0Zv08wOnxtCiJ1ToxkY73VtJPmaV0fY4xMuboN88=
github.com/GolangToolKits/grrt v0.0.2/go.mod h1:BSRaZmmMpYJXM6ANkAY/1+azJyHXgO4zstzI+6WUjdY=
github.com/GolangToolKits/grrt v0.0.3 h1:de+s16C7ONOgtjrRAbArikgcWi0ZK581buO8Z1xTVpA=
github.com/GolangToolKits/grrt v0.0.3/go.mod h1:BSRaZmmMpYJXM6ANkAY/1+azJyHXgO4zstzI+6WUjdY=
github.com/GolangToolKits/grrt v0.0.4 h1:GY4ef/nC3v5JaZA+wxWtergj0UouFd9H0McJid9Dibk=
github.com/GolangToolKits/grrt v0.0.4/go.mod h1:BSRaZmmMpYJXM6ANkAY/1+azJyHXgO4zstzI+6WUjdY=
github.com/GolangToolKits/grrt v0.0.5 h1:y0KZ5ol0PXfDbGB4NePRi06A+vmrL3B1G/g3BIJj7uI=
github.com/GolangToolKits/grrt v0.0.5/go.mod h1:BSRaZmmMpYJXM6ANkAY/1+azJyHXgO4zstzI+6WUjdY=
github.com/GolangToolKits/grrt v0.0.6 h1:KH3SiWIM1FIgaRk4hmVaW9GkicrHI/TLX1v68pA6H6o=
github.com/GolangToolKits/grrt v0.0.6/go.mod h1:BSRaZmmMpYJXM6ANkAY/1+azJyHXgO4zstzI+6WUjdY=
github.com/GolangToolKits/grrt v0.0.7 h1:3nYV888oebtoDYqtJFDy3TiTIGzRy/4lBzzPQOyqs6M=
github.com/GolangToolKits/grrt v0.0.7/go.mod h1:BSRaZmmMpYJXM6ANkAY/1+azJyHXgO4zstzI+6WUjdY=
github.com/GolangToolKits/grrt v0.0.8 h1:LQK2FGGeALZyCKFmf0VyQJmLCZycrNXjevint8KlNSI=
github.com/GolangToolKits/grrt v0.0.8/go.mod h1:BSRaZmmMpYJXM6ANkAY/1+azJyHXgO4zstzI+6WUjdY=
github.com/GolangToolKits/grrt v0.0.9 h1:dbDkP9uXFB3yKsH9jttIFmk+P5rc/qFSDSdM3tFCgw4=
github.com/GolangToolKits/grrt v0.0.9/go.mod h1:BSRaZmmMpYJXM6ANkAY/1+azJyHXgO4zstzI+6WUjdY=
